
Microsoft Visual Studio Solution File, Format Version 12.00
# Visual Studio Version 17
VisualStudioVersion = 17.11.35222.181
MinimumVisualStudioVersion = 10.0.40219.1
Project("{8BC9CEB8-8B4A-11D0-8D11-00A0C91BC942}") = "_dsa", "_dsa.vcxproj", "{B685BAC7-2792-463C-8B4E-6FFDDB3DC934}"
EndProject
Project("{2150E333-8FDC-42A3-9474-1A3956D46DE8}") = "Solution Items", "Solution Items", "{73FA9A97-1BFA-4A57-886C-9F7320118808}"
	ProjectSection(SolutionItems) = preProject
		SLL.h = SLL.h
	EndProjectSection
EndProject
Global
	GlobalSection(SolutionConfigurationPlatforms) = preSolution
		Debug|x64 = Debug|x64
		Debug|x86 = Debug|x86
		Release|x64 = Release|x64
		Release|x86 = Release|x86
	EndGlobalSection
	GlobalSection(ProjectConfigurationPlatforms) = postSolution
		{B685BAC7-2792-463C-8B4E-6FFDDB3DC934}.Debug|x64.ActiveCfg = Debug|x64
		{B685BAC7-2792-463C-8B4E-6FFDDB3DC934}.Debug|x64.Build.0 = Debug|x64
		{B685BAC7-2792-463C-8B4E-6FFDDB3DC934}.Debug|x86.ActiveCfg = Debug|Win32
		{B685BAC7-2792-463C-8B4E-6FFDDB3DC934}.Debug|x86.Build.0 = Debug|Win32
		{B685BAC7-2792-463C-8B4E-6FFDDB3DC934}.Release|x64.ActiveCfg = Release|x64
		{B685BAC7-2792-463C-8B4E-6FFDDB3DC934}.Release|x64.Build.0 = Release|x64
		{B685BAC7-2792-463C-8B4E-6FFDDB3DC934}.Release|x86.ActiveCfg = Release|Win32
		{B685BAC7-2792-463C-8B4E-6FFDDB3DC934}.Release|x86.Build.0 = Release|Win32
	EndGlobalSection
	GlobalSection(SolutionProperties) = preSolution
		HideSolutionNode = FALSE
	EndGlobalSection
	GlobalSection(ExtensibilityGlobals) = postSolution
		SolutionGuid = {7CBDD11C-9291-4893-B7B0-220B9487F768}
	EndGlobalSection
EndGlobal
